
Microsoft Visual Studio Solution File, Format Version 12.00
# Visual Studio 15
VisualStudioVersion = 15.0.26730.12
MinimumVisualStudioVersion = 10.0.40219.1
Project("{FAE04EC0-301F-11D3-BF4B-00C04F79EFBC}") = "pb.encryption", "pb.encryption\pb.encryption.csproj", "{D87C6E6B-6317-4EC8-B581-F6F092A3B346}"
EndProject
Global
	GlobalSection(SolutionConfigurationPlatforms) = preSolution
		Debug|Any CPU = Debug|Any CPU
		Release|Any CPU = Release|Any CPU
	EndGlobalSection
	GlobalSection(ProjectConfigurationPlatforms) = postSolution
		{D87C6E6B-6317-4EC8-B581-F6F092A3B346}.Debug|Any CPU.ActiveCfg = Debug|Any CPU
		{D87C6E6B-6317-4EC8-B581-F6F092A3B346}.Debug|Any CPU.Build.0 = Debug|Any CPU
		{D87C6E6B-6317-4EC8-B581-F6F092A3B346}.Release|Any CPU.ActiveCfg = Release|Any CPU
		{D87C6E6B-6317-4EC8-B581-F6F092A3B346}.Release|Any CPU.Build.0 = Release|Any CPU
	EndGlobalSection
	GlobalSection(SolutionProperties) = preSolution
		HideSolutionNode = FALSE
	EndGlobalSection
	GlobalSection(ExtensibilityGlobals) = postSolution
		SolutionGuid = {14A9FA99-E71F-4F6E-8E99-A3D60390C174}
	EndGlobalSection
EndGlobal
